
Microsoft Visual Studio Solution File, Format Version 12.00
# Visual Studio 15
VisualStudioVersion = 15.0.26730.15
MinimumVisualStudioVersion = 10.0.40219.1
Project("{FAE04EC0-301F-11D3-BF4B-00C04F79EFBC}") = "QueryToJsonParser", "QueryToJsonParser\QueryToJsonParser.csproj", "{1C4F6AA4-A22C-48C7-9C09-782AF23CD0BC}"
EndProject
Project("{FAE04EC0-301F-11D3-BF4B-00C04F79EFBC}") = "QueryToJsonParserLibrary", "QueryToJsonParserLibrary\QueryToJsonParserLibrary.csproj", "{9E4AFF63-4B0C-4C7E-B970-AC1F258F3073}"
EndProject
Global
	GlobalSection(SolutionConfigurationPlatforms) = preSolution
		Debug|Any CPU = Debug|Any CPU
		Release|Any CPU = Release|Any CPU
	EndGlobalSection
	GlobalSection(ProjectConfigurationPlatforms) = postSolution
		{1C4F6AA4-A22C-48C7-9C09-782AF23CD0BC}.Debug|Any CPU.ActiveCfg = Debug|Any CPU
		{1C4F6AA4-A22C-48C7-9C09-782AF23CD0BC}.Debug|Any CPU.Build.0 = Debug|Any CPU
		{1C4F6AA4-A22C-48C7-9C09-782AF23CD0BC}.Release|Any CPU.ActiveCfg = Release|Any CPU
		{1C4F6AA4-A22C-48C7-9C09-782AF23CD0BC}.Release|Any CPU.Build.0 = Release|Any CPU
		{9E4AFF63-4B0C-4C7E-B970-AC1F258F3073}.Debug|Any CPU.ActiveCfg = Debug|Any CPU
		{9E4AFF63-4B0C-4C7E-B970-AC1F258F3073}.Debug|Any CPU.Build.0 = Debug|Any CPU
		{9E4AFF63-4B0C-4C7E-B970-AC1F258F3073}.Release|Any CPU.ActiveCfg = Release|Any CPU
		{9E4AFF63-4B0C-4C7E-B970-AC1F258F3073}.Release|Any CPU.Build.0 = Release|Any CPU
	EndGlobalSection
	GlobalSection(SolutionProperties) = preSolution
		HideSolutionNode = FALSE
	EndGlobalSection
	GlobalSection(ExtensibilityGlobals) = postSolution
		SolutionGuid = {173FCB88-8B89-4CBF-B71A-F8C65F1D1279}
	EndGlobalSection
EndGlobal
